// !$*UTF8*$!
{
	archiveVersion = 1;
	classes = {
	};
	objectVersion = 77;
	objects = {

/* Begin PBXContainerItemProxy section */
		04FB33652CDB56AA007E27E0 /* PBXContainerItemProxy */ = {
			isa = PBXContainerItemProxy;
			containerPortal = 04FB334C2CDB56A8007E27E0 /* Project object */;
			proxyType = 1;
			remoteGlobalIDString = 04FB33532CDB56A8007E27E0;
			remoteInfo = "Barcode Text Scanner";
		};
		04FB336F2CDB56AA007E27E0 /* PBXContainerItemProxy */ = {
			isa = PBXContainerItemProxy;
			containerPortal = 04FB334C2CDB56A8007E27E0 /* Project object */;
			proxyType = 1;
			remoteGlobalIDString = 04FB33532CDB56A8007E27E0;
			remoteInfo = "Barcode Text Scanner";
		};
/* End PBXContainerItemProxy section */

/* Begin PBXFileReference section */
		04FB33542CDB56A8007E27E0 /* Barcode Text Scanner.app */ = {isa = PBXFileReference; explicitFileType = wrapper.application; includeInIndex = 0; path = "Barcode Text Scanner.app"; sourceTree = BUILT_PRODUCTS_DIR; };
		04FB33642CDB56AA007E27E0 /* Barcode Text ScannerTests.xctest */ = {isa = PBXFileReference; explicitFileType = wrapper.cfbundle; includeInIndex = 0; path = "Barcode Text ScannerTests.xctest"; sourceTree = BUILT_PRODUCTS_DIR; };
		04FB336E2CDB56AA007E27E0 /* Barcode Text ScannerUITests.xctest */ = {isa = PBXFileReference; explicitFileType = wrapper.cfbundle; includeInIndex = 0; path = "Barcode Text ScannerUITests.xctest"; sourceTree = BUILT_PRODUCTS_DIR; };
/* End PBXFileReference section */

/* Begin PBXFileSystemSynchronizedBuildFileExceptionSet section */
		040D20C82CDBC0B20077A252 /* Exceptions for "Barcode Text Scanner" folder in "Barcode Text Scanner" target */ = {
			isa = PBXFileSystemSynchronizedBuildFileExceptionSet;
			membershipExceptions = (
				"Barcode-Text-Scanner-Info.plist",
			);
			target = 04FB33532CDB56A8007E27E0 /* Barcode Text Scanner */;
		};
/* End PBXFileSystemSynchronizedBuildFileExceptionSet section */

/* Begin PBXFileSystemSynchronizedRootGroup section */
		04FB33562CDB56A8007E27E0 /* Barcode Text Scanner */ = {
			isa = PBXFileSystemSynchronizedRootGroup;
			exceptions = (
				040D20C82CDBC0B20077A252 /* Exceptions for "Barcode Text Scanner" folder in "Barcode Text Scanner" target */,
			);
			path = "Barcode Text Scanner";
			sourceTree = "<group>";
		};
		04FB33672CDB56AA007E27E0 /* Barcode Text ScannerTests */ = {
			isa = PBXFileSystemSynchronizedRootGroup;
			path = "Barcode Text ScannerTests";
			sourceTree = "<group>";
		};
		04FB33712CDB56AA007E27E0 /* Barcode Text ScannerUITests */ = {
			isa = PBXFileSystemSynchronizedRootGroup;
			path = "Barcode Text ScannerUITests";
			sourceTree = "<group>";
		};
/* End PBXFileSystemSynchronizedRootGroup section */

/* Begin PBXFrameworksBuildPhase section */
		04FB33512CDB56A8007E27E0 /* Frameworks */ = {
			isa = PBXFrameworksBuildPhase;
			buildActionMask = 2147483647;
			files = (
			);
			runOnlyForDeploymentPostprocessing = 0;
		};
		04FB33612CDB56AA007E27E0 /* Frameworks */ = {
			isa = PBXFrameworksBuildPhase;
			buildActionMask = 2147483647;
			files = (
			);
			runOnlyForDeploymentPostprocessing = 0;
		};
		04FB336B2CDB56AA007E27E0 /* Frameworks */ = {
			isa = PBXFrameworksBuildPhase;
			buildActionMask = 2147483647;
			files = (
			);
			runOnlyForDeploymentPostprocessing = 0;
		};
/* End PBXFrameworksBuildPhase section */

/* Begin PBXGroup section */
		04FB334B2CDB56A8007E27E0 = {
			isa = PBXGroup;
			children = (
				04FB33562CDB56A8007E27E0 /* Barcode Text Scanner */,
				04FB33672CDB56AA007E27E0 /* Barcode Text ScannerTests */,
				04FB33712CDB56AA007E27E0 /* Barcode Text ScannerUITests */,
				04FB33552CDB56A8007E27E0 /* Products */,
			);
			sourceTree = "<group>";
		};
		04FB33552CDB56A8007E27E0 /* Products */ = {
			isa = PBXGroup;
			children = (
				04FB33542CDB56A8007E27E0 /* Barcode Text Scanner.app */,
				04FB33642CDB56AA007E27E0 /* Barcode Text ScannerTests.xctest */,
				04FB336E2CDB56AA007E27E0 /* Barcode Text ScannerUITests.xctest */,
			);
			name = Products;
			sourceTree = "<group>";
		};
/* End PBXGroup section */

/* Begin PBXNativeTarget section */
		04FB33532CDB56A8007E27E0 /* Barcode Text Scanner */ = {
			isa = PBXNativeTarget;
			buildConfigurationList = 04FB33782CDB56AA007E27E0 /* Build configuration list for PBXNativeTarget "Barcode Text Scanner" */;
			buildPhases = (
				04FB33502CDB56A8007E27E0 /* Sources */,
				04FB33512CDB56A8007E27E0 /* Frameworks */,
				04FB33522CDB56A8007E27E0 /* Resources */,
			);
			buildRules = (
			);
			dependencies = (
			);
			fileSystemSynchronizedGroups = (
				04FB33562CDB56A8007E27E0 /* Barcode Text Scanner */,
			);
			name = "Barcode Text Scanner";
			packageProductDependencies = (
			);
			productName = "Barcode Text Scanner";
			productReference = 04FB33542CDB56A8007E27E0 /* Barcode Text Scanner.app */;
			productType = "com.apple.product-type.application";
		};
		04FB33632CDB56AA007E27E0 /* Barcode Text ScannerTests */ = {
			isa = PBXNativeTarget;
			buildConfigurationList = 04FB337B2CDB56AA007E27E0 /* Build configuration list for PBXNativeTarget "Barcode Text ScannerTests" */;
			buildPhases = (
				04FB33602CDB56AA007E27E0 /* Sources */,
				04FB33612CDB56AA007E27E0 /* Frameworks */,
				04FB33622CDB56AA007E27E0 /* Resources */,
			);
			buildRules = (
			);
			dependencies = (
				04FB33662CDB56AA007E27E0 /* PBXTargetDependency */,
			);
			fileSystemSynchronizedGroups = (
				04FB33672CDB56AA007E27E0 /* Barcode Text ScannerTests */,
			);
			name = "Barcode Text ScannerTests";
			packageProductDependencies = (
			);
			productName = "Barcode Text ScannerTests";
			productReference = 04FB33642CDB56AA007E27E0 /* Barcode Text ScannerTests.xctest */;
			productType = "com.apple.product-type.bundle.unit-test";
		};
		04FB336D2CDB56AA007E27E0 /* Barcode Text ScannerUITests */ = {
			isa = PBXNativeTarget;
			buildConfigurationList = 04FB337E2CDB56AA007E27E0 /* Build configuration list for PBXNativeTarget "Barcode Text ScannerUITests" */;
			buildPhases = (
				04FB336A2CDB56AA007E27E0 /* Sources */,
				04FB336B2CDB56AA007E27E0 /* Frameworks */,
				04FB336C2CDB56AA007E27E0 /* Resources */,
			);
			buildRules = (
			);
			dependencies = (
				04FB33702CDB56AA007E27E0 /* PBXTargetDependency */,
			);
			fileSystemSynchronizedGroups = (
				04FB33712CDB56AA007E27E0 /* Barcode Text ScannerUITests */,
			);
			name = "Barcode Text ScannerUITests";
			packageProductDependencies = (
			);
			productName = "Barcode Text ScannerUITests";
			productReference = 04FB336E2CDB56AA007E27E0 /* Barcode Text ScannerUITests.xctest */;
			productType = "com.apple.product-type.bundle.ui-testing";
		};
/* End PBXNativeTarget section */

/* Begin PBXProject section */
		04FB334C2CDB56A8007E27E0 /* Project object */ = {
			isa = PBXProject;
			attributes = {
				BuildIndependentTargetsInParallel = 1;
				LastSwiftUpdateCheck = 1600;
				LastUpgradeCheck = 1600;
				TargetAttributes = {
					04FB33532CDB56A8007E27E0 = {
						CreatedOnToolsVersion = 16.0;
					};
					04FB33632CDB56AA007E27E0 = {
						CreatedOnToolsVersion = 16.0;
						TestTargetID = 04FB33532CDB56A8007E27E0;
					};
					04FB336D2CDB56AA007E27E0 = {
						CreatedOnToolsVersion = 16.0;
						TestTargetID = 04FB33532CDB56A8007E27E0;
					};
				};
			};
			buildConfigurationList = 04FB334F2CDB56A8007E27E0 /* Build configuration list for PBXProject "Barcode Text Scanner" */;
			developmentRegion = en;
			hasScannedForEncodings = 0;
			knownRegions = (
				en,
				Base,
			);
			mainGroup = 04FB334B2CDB56A8007E27E0;
			minimizedProjectReferenceProxies = 1;
			preferredProjectObjectVersion = 77;
			productRefGroup = 04FB33552CDB56A8007E27E0 /* Products */;
			projectDirPath = "";
			projectRoot = "";
			targets = (
				04FB33532CDB56A8007E27E0 /* Barcode Text Scanner */,
				04FB33632CDB56AA007E27E0 /* Barcode Text ScannerTests */,
				04FB336D2CDB56AA007E27E0 /* Barcode Text ScannerUITests */,
			);
		};
/* End PBXProject section */

/* Begin PBXResourcesBuildPhase section */
		04FB33522CDB56A8007E27E0 /* Resources */ = {
			isa = PBXResourcesBuildPhase;
			buildActionMask = 2147483647;
			files = (
			);
			runOnlyForDeploymentPostprocessing = 0;
		};
		04FB33622CDB56AA007E27E0 /* Resources */ = {
			isa = PBXResourcesBuildPhase;
			buildActionMask = 2147483647;
			files = (
			);
			runOnlyForDeploymentPostprocessing = 0;
		};
		04FB336C2CDB56AA007E27E0 /* Resources */ = {
			isa = PBXResourcesBuildPhase;
			buildActionMask = 2147483647;
			files = (
			);
			runOnlyForDeploymentPostprocessing = 0;
		};
/* End PBXResourcesBuildPhase section */

/* Begin PBXSourcesBuildPhase section */
		04FB33502CDB56A8007E27E0 /* Sources */ = {
			isa = PBXSourcesBuildPhase;
			buildActionMask = 2147483647;
			files = (
			);
			runOnlyForDeploymentPostprocessing = 0;
		};
		04FB33602CDB56AA007E27E0 /* Sources */ = {
			isa = PBXSourcesBuildPhase;
			buildActionMask = 2147483647;
			files = (
			);
			runOnlyForDeploymentPostprocessing = 0;
		};
		04FB336A2CDB56AA007E27E0 /* Sources */ = {
			isa = PBXSourcesBuildPhase;
			buildActionMask = 2147483647;
			files = (
			);
			runOnlyForDeploymentPostprocessing = 0;
		};
/* End PBXSourcesBuildPhase section */

/* Begin PBXTargetDependency section */
		04FB33662CDB56AA007E27E0 /* PBXTargetDependency */ = {
			isa = PBXTargetDependency;
			target = 04FB33532CDB56A8007E27E0 /* Barcode Text Scanner */;
			targetProxy = 04FB33652CDB56AA007E27E0 /* PBXContainerItemProxy */;
		};
		04FB33702CDB56AA007E27E0 /* PBXTargetDependency */ = {
			isa = PBXTargetDependency;
			target = 04FB33532CDB56A8007E27E0 /* Barcode Text Scanner */;
			targetProxy = 04FB336F2CDB56AA007E27E0 /* PBXContainerItemProxy */;
		};
/* End PBXTargetDependency section */

/* Begin XCBuildConfiguration section */
		04FB33762CDB56AA007E27E0 /* Debug */ = {
			isa = XCBuildConfiguration;
			buildSettings = {
				ALWAYS_SEARCH_USER_PATHS = NO;
				ASSETCATALOG_COMPILER_GENERATE_SWIFT_ASSET_SYMBOL_EXTENSIONS = YES;
				CLANG_ANALYZER_NONNULL = YES;
				CLANG_ANALYZER_NUMBER_OBJECT_CONVERSION = YES_AGGRESSIVE;
				CLANG_CXX_LANGUAGE_STANDARD = "gnu++20";
				CLANG_ENABLE_MODULES = YES;
				CLANG_ENABLE_OBJC_ARC = YES;
				CLANG_ENABLE_OBJC_WEAK = YES;
				CLANG_WARN_BLOCK_CAPTURE_AUTORELEASING = YES;
				CLANG_WARN_BOOL_CONVERSION = YES;
				CLANG_WARN_COMMA = YES;
				CLANG_WARN_CONSTANT_CONVERSION = YES;
				CLANG_WARN_DEPRECATED_OBJC_IMPLEMENTATIONS = YES;
				CLANG_WARN_DIRECT_OBJC_ISA_USAGE = YES_ERROR;
				CLANG_WARN_DOCUMENTATION_COMMENTS = YES;
				CLANG_WARN_EMPTY_BODY = YES;
				CLANG_WARN_ENUM_CONVERSION = YES;
				CLANG_WARN_INFINITE_RECURSION = YES;
				CLANG_WARN_INT_CONVERSION = YES;
				CLANG_WARN_NON_LITERAL_NULL_CONVERSION = YES;
				CLANG_WARN_OBJC_IMPLICIT_RETAIN_SELF = YES;
				CLANG_WARN_OBJC_LITERAL_CONVERSION = YES;
				CLANG_WARN_OBJC_ROOT_CLASS = YES_ERROR;
				CLANG_WARN_QUOTED_INCLUDE_IN_FRAMEWORK_HEADER = YES;
				CLANG_WARN_RANGE_LOOP_ANALYSIS = YES;
				CLANG_WARN_STRICT_PROTOTYPES = YES;
				CLANG_WARN_SUSPICIOUS_MOVE = YES;
				CLANG_WARN_UNGUARDED_AVAILABILITY = YES_AGGRESSIVE;
				CLANG_WARN_UNREACHABLE_CODE = YES;
				CLANG_WARN__DUPLICATE_METHOD_MATCH = YES;
				COPY_PHASE_STRIP = NO;
				DEBUG_INFORMATION_FORMAT = dwarf;
				ENABLE_STRICT_OBJC_MSGSEND = YES;
				ENABLE_TESTABILITY = YES;
				ENABLE_USER_SCRIPT_SANDBOXING = YES;
				GCC_C_LANGUAGE_STANDARD = gnu17;
				GCC_DYNAMIC_NO_PIC = NO;
				GCC_NO_COMMON_BLOCKS = YES;
				GCC_OPTIMIZATION_LEVEL = 0;
				GCC_PREPROCESSOR_DEFINITIONS = (
					"DEBUG=1",
					"$(inherited)",
				);
				GCC_WARN_64_TO_32_BIT_CONVERSION = YES;
				GCC_WARN_ABOUT_RETURN_TYPE = YES_ERROR;
				GCC_WARN_UNDECLARED_SELECTOR = YES;
				GCC_WARN_UNINITIALIZED_AUTOS = YES_AGGRESSIVE;
				GCC_WARN_UNUSED_FUNCTION = YES;
				GCC_WARN_UNUSED_VARIABLE = YES;
				IPHONEOS_DEPLOYMENT_TARGET = 18.0;
				LOCALIZATION_PREFERS_STRING_CATALOGS = YES;
				MTL_ENABLE_DEBUG_INFO = INCLUDE_SOURCE;
				MTL_FAST_MATH = YES;
				ONLY_ACTIVE_ARCH = YES;
				SDKROOT = iphoneos;
				SWIFT_ACTIVE_COMPILATION_CONDITIONS = "DEBUG $(inherited)";
				SWIFT_OPTIMIZATION_LEVEL = "-Onone";
			};
			name = Debug;
		};
		04FB33772CDB56AA007E27E0 /* Release */ = {
			isa = XCBuildConfiguration;
			buildSettings = {
				ALWAYS_SEARCH_USER_PATHS = NO;
				ASSETCATALOG_COMPILER_GENERATE_SWIFT_ASSET_SYMBOL_EXTENSIONS = YES;
				CLANG_ANALYZER_NONNULL = YES;
				CLANG_ANALYZER_NUMBER_OBJECT_CONVERSION = YES_AGGRESSIVE;
				CLANG_CXX_LANGUAGE_STANDARD = "gnu++20";
				CLANG_ENABLE_MODULES = YES;
				CLANG_ENABLE_OBJC_ARC = YES;
				CLANG_ENABLE_OBJC_WEAK = YES;
				CLANG_WARN_BLOCK_CAPTURE_AUTORELEASING = YES;
				CLANG_WARN_BOOL_CONVERSION = YES;
				CLANG_WARN_COMMA = YES;
				CLANG_WARN_CONSTANT_CONVERSION = YES;
				CLANG_WARN_DEPRECATED_OBJC_IMPLEMENTATIONS = YES;
				CLANG_WARN_DIRECT_OBJC_ISA_USAGE = YES_ERROR;
				CLANG_WARN_DOCUMENTATION_COMMENTS = YES;
				CLANG_WARN_EMPTY_BODY = YES;
				CLANG_WARN_ENUM_CONVERSION = YES;
				CLANG_WARN_INFINITE_RECURSION = YES;
				CLANG_WARN_INT_CONVERSION = YES;
				CLANG_WARN_NON_LITERAL_NULL_CONVERSION = YES;
				CLANG_WARN_OBJC_IMPLICIT_RETAIN_SELF = YES;
				CLANG_WARN_OBJC_LITERAL_CONVERSION = YES;
				CLANG_WARN_OBJC_ROOT_CLASS = YES_ERROR;
				CLANG_WARN_QUOTED_INCLUDE_IN_FRAMEWORK_HEADER = YES;
				CLANG_WARN_RANGE_LOOP_ANALYSIS = YES;
				CLANG_WARN_STRICT_PROTOTYPES = YES;
				CLANG_WARN_SUSPICIOUS_MOVE = YES;
				CLANG_WARN_UNGUARDED_AVAILABILITY = YES_AGGRESSIVE;
				CLANG_WARN_UNREACHABLE_CODE = YES;
				CLANG_WARN__DUPLICATE_METHOD_MATCH = YES;
				COPY_PHASE_STRIP = NO;
				DEBUG_INFORMATION_FORMAT = "dwarf-with-dsym";
				ENABLE_NS_ASSERTIONS = NO;
				ENABLE_STRICT_OBJC_MSGSEND = YES;
				ENABLE_USER_SCRIPT_SANDBOXING = YES;
				GCC_C_LANGUAGE_STANDARD = gnu17;
				GCC_NO_COMMON_BLOCKS = YES;
				GCC_WARN_64_TO_32_BIT_CONVERSION = YES;
				GCC_WARN_ABOUT_RETURN_TYPE = YES_ERROR;
				GCC_WARN_UNDECLARED_SELECTOR = YES;
				GCC_WARN_UNINITIALIZED_AUTOS = YES_AGGRESSIVE;
				GCC_WARN_UNUSED_FUNCTION = YES;
				GCC_WARN_UNUSED_VARIABLE = YES;
				IPHONEOS_DEPLOYMENT_TARGET = 18.0;
				LOCALIZATION_PREFERS_STRING_CATALOGS = YES;
				MTL_ENABLE_DEBUG_INFO = NO;
				MTL_FAST_MATH = YES;
				SDKROOT = iphoneos;
				SWIFT_COMPILATION_MODE = wholemodule;
				VALIDATE_PRODUCT = YES;
			};
			name = Release;
		};
		04FB33792CDB56AA007E27E0 /* Debug */ = {
			isa = XCBuildConfiguration;
			buildSettings = {
				ASSETCATALOG_COMPILER_APPICON_NAME = AppIcon;
				ASSETCATALOG_COMPILER_GLOBAL_ACCENT_COLOR_NAME = AccentColor;
				CODE_SIGN_STYLE = Automatic;
				CURRENT_PROJECT_VERSION = 1;
				DEVELOPMENT_ASSET_PATHS = "\"Barcode Text Scanner/Preview Content\"";
				DEVELOPMENT_TEAM = WV23RMHTUT;
				ENABLE_PREVIEWS = YES;
				GENERATE_INFOPLIST_FILE = YES;
				INFOPLIST_FILE = "Barcode-Text-Scanner-Info.plist";
				INFOPLIST_KEY_LSApplicationCategoryType = "";
				INFOPLIST_KEY_NSCameraUsageDescription = "The app needs camera access to scan barcode and text";
				INFOPLIST_KEY_NSPhotoLibraryAddUsageDescription = "";
				INFOPLIST_KEY_NSPhotoLibraryUsageDescription = "";
				INFOPLIST_KEY_UIApplicationSceneManifest_Generation = YES;
				INFOPLIST_KEY_UIApplicationSupportsIndirectInputEvents = YES;
				INFOPLIST_KEY_UILaunchScreen_Generation = YES;
				INFOPLIST_KEY_UISupportedInterfaceOrientations_iPad = "UIInterfaceOrientationPortrait UIInterfaceOrientationPortraitUpsideDown UIInterfaceOrientationLandscapeLeft UIInterfaceOrientationLandscapeRight";
				INFOPLIST_KEY_UISupportedInterfaceOrientations_iPhone = "UIInterfaceOrientationPortrait UIInterfaceOrientationLandscapeLeft UIInterfaceOrientationLandscapeRight";
				LD_RUNPATH_SEARCH_PATHS = (
					"$(inherited)",
					"@executable_path/Frameworks",
				);
				MARKETING_VERSION = 1.0;
				PRODUCT_BUNDLE_IDENTIFIER = "Gilegulu.Barcode-Text-Scanner";
				PRODUCT_NAME = "$(TARGET_NAME)";
				SWIFT_EMIT_LOC_STRINGS = YES;
				SWIFT_VERSION = 5.0;
				TARGETED_DEVICE_FAMILY = "1,2";
			};
			name = Debug;
		};
		04FB337A2CDB56AA007E27E0 /* Release */ = {
			isa = XCBuildConfiguration;
			buildSettings = {
				ASSETCATALOG_COMPILER_APPICON_NAME = AppIcon;
				ASSETCATALOG_COMPILER_GLOBAL_ACCENT_COLOR_NAME = AccentColor;
				CODE_SIGN_STYLE = Automatic;
				CURRENT_PROJECT_VERSION = 1;
				DEVELOPMENT_ASSET_PATHS = "\"Barcode Text Scanner/Preview Content\"";
				DEVELOPMENT_TEAM = WV23RMHTUT;
				ENABLE_PREVIEWS = YES;
				GENERATE_INFOPLIST_FILE = YES;
				INFOPLIST_FILE = "Barcode-Text-Scanner-Info.plist";
				INFOPLIST_KEY_LSApplicationCategoryType = "";
				INFOPLIST_KEY_NSCameraUsageDescription = "The app needs camera access to scan barcode and text";
				INFOPLIST_KEY_NSPhotoLibraryAddUsageDescription = "";
				INFOPLIST_KEY_NSPhotoLibraryUsageDescription = "";
				INFOPLIST_KEY_UIApplicationSceneManifest_Generation = YES;
				INFOPLIST_KEY_UIApplicationSupportsIndirectInputEvents = YES;
				INFOPLIST_KEY_UILaunchScreen_Generation = YES;
				INFOPLIST_KEY_UISupportedInterfaceOrientations_iPad = "UIInterfaceOrientationPortrait UIInterfaceOrientationPortraitUpsideDown UIInterfaceOrientationLandscapeLeft UIInterfaceOrientationLandscapeRight";
				INFOPLIST_KEY_UISupportedInterfaceOrientations_iPhone = "UIInterfaceOrientationPortrait UIInterfaceOrientationLandscapeLeft UIInterfaceOrientationLandscapeRight";
				LD_RUNPATH_SEARCH_PATHS = (
					"$(inherited)",
					"@executable_path/Frameworks",
				);
				MARKETING_VERSION = 1.0;
				PRODUCT_BUNDLE_IDENTIFIER = "Gilegulu.Barcode-Text-Scanner";
				PRODUCT_NAME = "$(TARGET_NAME)";
				SWIFT_EMIT_LOC_STRINGS = YES;
				SWIFT_VERSION = 5.0;
				TARGETED_DEVICE_FAMILY = "1,2";
			};
			name = Release;
		};
		04FB337C2CDB56AA007E27E0 /* Debug */ = {
			isa = XCBuildConfiguration;
			buildSettings = {
				BUNDLE_LOADER = "$(TEST_HOST)";
				CODE_SIGN_STYLE = Automatic;
				CURRENT_PROJECT_VERSION = 1;
				DEVELOPMENT_TEAM = WV23RMHTUT;
				GENERATE_INFOPLIST_FILE = YES;
				IPHONEOS_DEPLOYMENT_TARGET = 18.0;
				MARKETING_VERSION = 1.0;
				PRODUCT_BUNDLE_IDENTIFIER = "Gilegulu.Barcode-Text-ScannerTests";
				PRODUCT_NAME = "$(TARGET_NAME)";
				SWIFT_EMIT_LOC_STRINGS = NO;
				SWIFT_VERSION = 5.0;
				TARGETED_DEVICE_FAMILY = "1,2";
				TEST_HOST = "$(BUILT_PRODUCTS_DIR)/Barcode Text Scanner.app/$(BUNDLE_EXECUTABLE_FOLDER_PATH)/Barcode Text Scanner";
			};
			name = Debug;
		};
		04FB337D2CDB56AA007E27E0 /* Release */ = {
			isa = XCBuildConfiguration;
			buildSettings = {
				BUNDLE_LOADER = "$(TEST_HOST)";
				CODE_SIGN_STYLE = Automatic;
				CURRENT_PROJECT_VERSION = 1;
				DEVELOPMENT_TEAM = WV23RMHTUT;
				GENERATE_INFOPLIST_FILE = YES;
				IPHONEOS_DEPLOYMENT_TARGET = 18.0;
				MARKETING_VERSION = 1.0;
				PRODUCT_BUNDLE_IDENTIFIER = "Gilegulu.Barcode-Text-ScannerTests";
				PRODUCT_NAME = "$(TARGET_NAME)";
				SWIFT_EMIT_LOC_STRINGS = NO;
				SWIFT_VERSION = 5.0;
				TARGETED_DEVICE_FAMILY = "1,2";
				TEST_HOST = "$(BUILT_PRODUCTS_DIR)/Barcode Text Scanner.app/$(BUNDLE_EXECUTABLE_FOLDER_PATH)/Barcode Text Scanner";
			};
			name = Release;
		};
		04FB337F2CDB56AA007E27E0 /* Debug */ = {
			isa = XCBuildConfiguration;
			buildSettings = {
				CODE_SIGN_STYLE = Automatic;
				CURRENT_PROJECT_VERSION = 1;
				DEVELOPMENT_TEAM = WV23RMHTUT;
				GENERATE_INFOPLIST_FILE = YES;
				MARKETING_VERSION = 1.0;
				PRODUCT_BUNDLE_IDENTIFIER = "Gilegulu.Barcode-Text-ScannerUITests";
				PRODUCT_NAME = "$(TARGET_NAME)";
				SWIFT_EMIT_LOC_STRINGS = NO;
				SWIFT_VERSION = 5.0;
				TARGETED_DEVICE_FAMILY = "1,2";
				TEST_TARGET_NAME = "Barcode Text Scanner";
			};
			name = Debug;
		};
		04FB33802CDB56AA007E27E0 /* Release */ = {
			isa = XCBuildConfiguration;
			buildSettings = {
				CODE_SIGN_STYLE = Automatic;
				CURRENT_PROJECT_VERSION = 1;
				DEVELOPMENT_TEAM = WV23RMHTUT;
				GENERATE_INFOPLIST_FILE = YES;
				MARKETING_VERSION = 1.0;
				PRODUCT_BUNDLE_IDENTIFIER = "Gilegulu.Barcode-Text-ScannerUITests";
				PRODUCT_NAME = "$(TARGET_NAME)";
				SWIFT_EMIT_LOC_STRINGS = NO;
				SWIFT_VERSION = 5.0;
				TARGETED_DEVICE_FAMILY = "1,2";
				TEST_TARGET_NAME = "Barcode Text Scanner";
			};
			name = Release;
		};
/* End XCBuildConfiguration section */

/* Begin XCConfigurationList section */
		04FB334F2CDB56A8007E27E0 /* Build configuration list for PBXProject "Barcode Text Scanner" */ = {
			isa = XCConfigurationList;
			buildConfigurations = (
				04FB33762CDB56AA007E27E0 /* Debug */,
				04FB33772CDB56AA007E27E0 /* Release */,
			);
			defaultConfigurationIsVisible = 0;
			defaultConfigurationName = Release;
		};
		04FB33782CDB56AA007E27E0 /* Build configuration list for PBXNativeTarget "Barcode Text Scanner" */ = {
			isa = XCConfigurationList;
			buildConfigurations = (
				04FB33792CDB56AA007E27E0 /* Debug */,
				04FB337A2CDB56AA007E27E0 /* Release */,
			);
			defaultConfigurationIsVisible = 0;
			defaultConfigurationName = Release;
		};
		04FB337B2CDB56AA007E27E0 /* Build configuration list for PBXNativeTarget "Barcode Text ScannerTests" */ = {
			isa = XCConfigurationList;
			buildConfigurations = (
				04FB337C2CDB56AA007E27E0 /* Debug */,
				04FB337D2CDB56AA007E27E0 /* Release */,
			);
			defaultConfigurationIsVisible = 0;
			defaultConfigurationName = Release;
		};
		04FB337E2CDB56AA007E27E0 /* Build configuration list for PBXNativeTarget "Barcode Text ScannerUITests" */ = {
			isa = XCConfigurationList;
			buildConfigurations = (
				04FB337F2CDB56AA007E27E0 /* Debug */,
				04FB33802CDB56AA007E27E0 /* Release */,
			);
			defaultConfigurationIsVisible = 0;
			defaultConfigurationName = Release;
		};
/* End XCConfigurationList section */
	};
	rootObject = 04FB334C2CDB56A8007E27E0 /* Project object */;
}
